// !$*UTF8*$!
{
	archiveVersion = 1;
	classes = {
	};
	objectVersion = 46;
	objects = {

/* Begin PBXBuildFile section */
		D676B4AD1D64AAA400A29AE5 /* aescrypt.c in Sources */ = {isa = PBXBuildFile; fileRef = D676B48A1D64AAA400A29AE5 /* aescrypt.c */; };
		D676B4AE1D64AAA400A29AE5 /* aeskey.c in Sources */ = {isa = PBXBuildFile; fileRef = D676B48B1D64AAA400A29AE5 /* aeskey.c */; };
		D676B4AF1D64AAA400A29AE5 /* aestab.c in Sources */ = {isa = PBXBuildFile; fileRef = D676B48D1D64AAA400A29AE5 /* aestab.c */; };
		D676B4B01D64AAA400A29AE5 /* entropy.c in Sources */ = {isa = PBXBuildFile; fileRef = D676B4911D64AAA400A29AE5 /* entropy.c */; };
		D676B4B11D64AAA400A29AE5 /* fileenc.c in Sources */ = {isa = PBXBuildFile; fileRef = D676B4931D64AAA400A29AE5 /* fileenc.c */; };
		D676B4B21D64AAA400A29AE5 /* hmac.c in Sources */ = {isa = PBXBuildFile; fileRef = D676B4951D64AAA400A29AE5 /* hmac.c */; };
		D676B4B31D64AAA400A29AE5 /* prng.c in Sources */ = {isa = PBXBuildFile; fileRef = D676B4971D64AAA400A29AE5 /* prng.c */; };
		D676B4B41D64AAA400A29AE5 /* pwd2key.c in Sources */ = {isa = PBXBuildFile; fileRef = D676B4991D64AAA400A29AE5 /* pwd2key.c */; };
		D676B4B51D64AAA400A29AE5 /* sha1.c in Sources */ = {isa = PBXBuildFile; fileRef = D676B49B1D64AAA400A29AE5 /* sha1.c */; };
		D676B4B61D64AAA400A29AE5 /* ioapi.c in Sources */ = {isa = PBXBuildFile; fileRef = D676B4A01D64AAA400A29AE5 /* ioapi.c */; };
		D676B4B71D64AAA400A29AE5 /* mztools.c in Sources */ = {isa = PBXBuildFile; fileRef = D676B4A21D64AAA400A29AE5 /* mztools.c */; };
		D676B4B81D64AAA400A29AE5 /* unzip.c in Sources */ = {isa = PBXBuildFile; fileRef = D676B4A41D64AAA400A29AE5 /* unzip.c */; };
		D676B4B91D64AAA400A29AE5 /* zip.c in Sources */ = {isa = PBXBuildFile; fileRef = D676B4A61D64AAA400A29AE5 /* zip.c */; };
		D676B4BA1D64AAA400A29AE5 /* SSZipArchive+Swift.swift in Sources */ = {isa = PBXBuildFile; fileRef = D676B4A81D64AAA400A29AE5 /* SSZipArchive+Swift.swift */; };
		D676B4BB1D64AAA400A29AE5 /* SSZipArchive.m in Sources */ = {isa = PBXBuildFile; fileRef = D676B4AA1D64AAA400A29AE5 /* SSZipArchive.m */; };
		D699E7BD1D79E9A40081C461 /* PBXProject.swift in Sources */ = {isa = PBXBuildFile; fileRef = D699E7BC1D79E9A40081C461 /* PBXProject.swift */; };
		D6BC1BF61D4017BE00C2334C /* main.swift in Sources */ = {isa = PBXBuildFile; fileRef = D6BC1BF51D4017BE00C2334C /* main.swift */; };
		D6BC1BFD1D4017FD00C2334C /* WhiskInstaller.swift in Sources */ = {isa = PBXBuildFile; fileRef = D6BC1BFC1D4017FD00C2334C /* WhiskInstaller.swift */; };
		D6BC1BFF1D40180A00C2334C /* ConsoleIO.swift in Sources */ = {isa = PBXBuildFile; fileRef = D6BC1BFE1D40180A00C2334C /* ConsoleIO.swift */; };
		D6BC1C2E1D4119FB00C2334C /* Git.swift in Sources */ = {isa = PBXBuildFile; fileRef = D6BC1C281D4119FB00C2334C /* Git.swift */; };
		D6BC1C2F1D4119FB00C2334C /* ManifestReader.swift in Sources */ = {isa = PBXBuildFile; fileRef = D6BC1C291D4119FB00C2334C /* ManifestReader.swift */; };
		D6BC1C301D4119FB00C2334C /* ProjectManager.swift in Sources */ = {isa = PBXBuildFile; fileRef = D6BC1C2A1D4119FB00C2334C /* ProjectManager.swift */; };
		D6BC1C311D4119FB00C2334C /* ProjectReader.swift in Sources */ = {isa = PBXBuildFile; fileRef = D6BC1C2B1D4119FB00C2334C /* ProjectReader.swift */; };
		D6BC1C321D4119FB00C2334C /* SequenceCode.swift in Sources */ = {isa = PBXBuildFile; fileRef = D6BC1C2C1D4119FB00C2334C /* SequenceCode.swift */; };
		D6BC1C331D4119FB00C2334C /* WhiskAPI.swift in Sources */ = {isa = PBXBuildFile; fileRef = D6BC1C2D1D4119FB00C2334C /* WhiskAPI.swift */; };
		D6BC1C351D41391D00C2334C /* WhiskTokenizer.swift in Sources */ = {isa = PBXBuildFile; fileRef = D6BC1C341D41391D00C2334C /* WhiskTokenizer.swift */; };
		D6BC1C701D41659C00C2334C /* libz.tbd in Frameworks */ = {isa = PBXBuildFile; fileRef = D6BC1C6F1D41659C00C2334C /* libz.tbd */; };
/* End PBXBuildFile section */

/* Begin PBXCopyFilesBuildPhase section */
		D6BC1BF01D4017BE00C2334C /* CopyFiles */ = {
			isa = PBXCopyFilesBuildPhase;
			buildActionMask = 2147483647;
			dstPath = /usr/share/man/man1/;
			dstSubfolderSpec = 0;
			files = (
			);
			runOnlyForDeploymentPostprocessing = 1;
		};
/* End PBXCopyFilesBuildPhase section */

/* Begin PBXFileReference section */
		D676B4881D64AAA400A29AE5 /* aes.h */ = {isa = PBXFileReference; fileEncoding = 4; lastKnownFileType = sourcecode.c.h; path = aes.h; sourceTree = "<group>"; };
		D676B4891D64AAA400A29AE5 /* aes_via_ace.h */ = {isa = PBXFileReference; fileEncoding = 4; lastKnownFileType = sourcecode.c.h; path = aes_via_ace.h; sourceTree = "<group>"; };
		D676B48A1D64AAA400A29AE5 /* aescrypt.c */ = {isa = PBXFileReference; fileEncoding = 4; lastKnownFileType = sourcecode.c.c; path = aescrypt.c; sourceTree = "<group>"; };
		D676B48B1D64AAA400A29AE5 /* aeskey.c */ = {isa = PBXFileReference; fileEncoding = 4; lastKnownFileType = sourcecode.c.c; path = aeskey.c; sourceTree = "<group>"; };
		D676B48C1D64AAA400A29AE5 /* aesopt.h */ = {isa = PBXFileReference; fileEncoding = 4; lastKnownFileType = sourcecode.c.h; path = aesopt.h; sourceTree = "<group>"; };
		D676B48D1D64AAA400A29AE5 /* aestab.c */ = {isa = PBXFileReference; fileEncoding = 4; lastKnownFileType = sourcecode.c.c; path = aestab.c; sourceTree = "<group>"; };
		D676B48E1D64AAA400A29AE5 /* aestab.h */ = {isa = PBXFileReference; fileEncoding = 4; lastKnownFileType = sourcecode.c.h; path = aestab.h; sourceTree = "<group>"; };
		D676B48F1D64AAA400A29AE5 /* brg_endian.h */ = {isa = PBXFileReference; fileEncoding = 4; lastKnownFileType = sourcecode.c.h; path = brg_endian.h; sourceTree = "<group>"; };
		D676B4901D64AAA400A29AE5 /* brg_types.h */ = {isa = PBXFileReference; fileEncoding = 4; lastKnownFileType = sourcecode.c.h; path = brg_types.h; sourceTree = "<group>"; };
		D676B4911D64AAA400A29AE5 /* entropy.c */ = {isa = PBXFileReference; fileEncoding = 4; lastKnownFileType = sourcecode.c.c; path = entropy.c; sourceTree = "<group>"; };
		D676B4921D64AAA400A29AE5 /* entropy.h */ = {isa = PBXFileReference; fileEncoding = 4; lastKnownFileType = sourcecode.c.h; path = entropy.h; sourceTree = "<group>"; };
		D676B4931D64AAA400A29AE5 /* fileenc.c */ = {isa = PBXFileReference; fileEncoding = 4; lastKnownFileType = sourcecode.c.c; path = fileenc.c; sourceTree = "<group>"; };
		D676B4941D64AAA400A29AE5 /* fileenc.h */ = {isa = PBXFileReference; fileEncoding = 4; lastKnownFileType = sourcecode.c.h; path = fileenc.h; sourceTree = "<group>"; };
		D676B4951D64AAA400A29AE5 /* hmac.c */ = {isa = PBXFileReference; fileEncoding = 4; lastKnownFileType = sourcecode.c.c; path = hmac.c; sourceTree = "<group>"; };
		D676B4961D64AAA400A29AE5 /* hmac.h */ = {isa = PBXFileReference; fileEncoding = 4; lastKnownFileType = sourcecode.c.h; path = hmac.h; sourceTree = "<group>"; };
		D676B4971D64AAA400A29AE5 /* prng.c */ = {isa = PBXFileReference; fileEncoding = 4; lastKnownFileType = sourcecode.c.c; path = prng.c; sourceTree = "<group>"; };
		D676B4981D64AAA400A29AE5 /* prng.h */ = {isa = PBXFileReference; fileEncoding = 4; lastKnownFileType = sourcecode.c.h; path = prng.h; sourceTree = "<group>"; };
		D676B4991D64AAA400A29AE5 /* pwd2key.c */ = {isa = PBXFileReference; fileEncoding = 4; lastKnownFileType = sourcecode.c.c; path = pwd2key.c; sourceTree = "<group>"; };
		D676B49A1D64AAA400A29AE5 /* pwd2key.h */ = {isa = PBXFileReference; fileEncoding = 4; lastKnownFileType = sourcecode.c.h; path = pwd2key.h; sourceTree = "<group>"; };
		D676B49B1D64AAA400A29AE5 /* sha1.c */ = {isa = PBXFileReference; fileEncoding = 4; lastKnownFileType = sourcecode.c.c; path = sha1.c; sourceTree = "<group>"; };
		D676B49C1D64AAA400A29AE5 /* sha1.h */ = {isa = PBXFileReference; fileEncoding = 4; lastKnownFileType = sourcecode.c.h; path = sha1.h; sourceTree = "<group>"; };
		D676B49D1D64AAA400A29AE5 /* Info.plist */ = {isa = PBXFileReference; fileEncoding = 4; lastKnownFileType = text.plist.xml; path = Info.plist; sourceTree = "<group>"; };
		D676B49F1D64AAA400A29AE5 /* crypt.h */ = {isa = PBXFileReference; fileEncoding = 4; lastKnownFileType = sourcecode.c.h; path = crypt.h; sourceTree = "<group>"; };
		D676B4A01D64AAA400A29AE5 /* ioapi.c */ = {isa = PBXFileReference; fileEncoding = 4; lastKnownFileType = sourcecode.c.c; path = ioapi.c; sourceTree = "<group>"; };
		D676B4A11D64AAA400A29AE5 /* ioapi.h */ = {isa = PBXFileReference; fileEncoding = 4; lastKnownFileType = sourcecode.c.h; path = ioapi.h; sourceTree = "<group>"; };
		D676B4A21D64AAA400A29AE5 /* mztools.c */ = {isa = PBXFileReference; fileEncoding = 4; lastKnownFileType = sourcecode.c.c; path = mztools.c; sourceTree = "<group>"; };
		D676B4A31D64AAA400A29AE5 /* mztools.h */ = {isa = PBXFileReference; fileEncoding = 4; lastKnownFileType = sourcecode.c.h; path = mztools.h; sourceTree = "<group>"; };
		D676B4A41D64AAA400A29AE5 /* unzip.c */ = {isa = PBXFileReference; fileEncoding = 4; lastKnownFileType = sourcecode.c.c; path = unzip.c; sourceTree = "<group>"; };
		D676B4A51D64AAA400A29AE5 /* unzip.h */ = {isa = PBXFileReference; fileEncoding = 4; lastKnownFileType = sourcecode.c.h; path = unzip.h; sourceTree = "<group>"; };
		D676B4A61D64AAA400A29AE5 /* zip.c */ = {isa = PBXFileReference; fileEncoding = 4; lastKnownFileType = sourcecode.c.c; path = zip.c; sourceTree = "<group>"; };
		D676B4A71D64AAA400A29AE5 /* zip.h */ = {isa = PBXFileReference; fileEncoding = 4; lastKnownFileType = sourcecode.c.h; path = zip.h; sourceTree = "<group>"; };
		D676B4A81D64AAA400A29AE5 /* SSZipArchive+Swift.swift */ = {isa = PBXFileReference; fileEncoding = 4; lastKnownFileType = sourcecode.swift; path = "SSZipArchive+Swift.swift"; sourceTree = "<group>"; };
		D676B4A91D64AAA400A29AE5 /* SSZipArchive.h */ = {isa = PBXFileReference; fileEncoding = 4; lastKnownFileType = sourcecode.c.h; path = SSZipArchive.h; sourceTree = "<group>"; };
		D676B4AA1D64AAA400A29AE5 /* SSZipArchive.m */ = {isa = PBXFileReference; fileEncoding = 4; lastKnownFileType = sourcecode.c.objc; path = SSZipArchive.m; sourceTree = "<group>"; };
		D676B4AB1D64AAA400A29AE5 /* SSZipCommon.h */ = {isa = PBXFileReference; fileEncoding = 4; lastKnownFileType = sourcecode.c.h; path = SSZipCommon.h; sourceTree = "<group>"; };
		D676B4AC1D64AAA400A29AE5 /* ZipArchive.h */ = {isa = PBXFileReference; fileEncoding = 4; lastKnownFileType = sourcecode.c.h; path = ZipArchive.h; sourceTree = "<group>"; };
		D699E7BC1D79E9A40081C461 /* PBXProject.swift */ = {isa = PBXFileReference; fileEncoding = 4; lastKnownFileType = sourcecode.swift; path = PBXProject.swift; sourceTree = "<group>"; };
		D6BC1BF21D4017BE00C2334C /* wsktool */ = {isa = PBXFileReference; explicitFileType = "compiled.mach-o.executable"; includeInIndex = 0; path = wsktool; sourceTree = BUILT_PRODUCTS_DIR; };
		D6BC1BF51D4017BE00C2334C /* main.swift */ = {isa = PBXFileReference; lastKnownFileType = sourcecode.swift; path = main.swift; sourceTree = "<group>"; };
		D6BC1BFC1D4017FD00C2334C /* WhiskInstaller.swift */ = {isa = PBXFileReference; fileEncoding = 4; lastKnownFileType = sourcecode.swift; path = WhiskInstaller.swift; sourceTree = "<group>"; };
		D6BC1BFE1D40180A00C2334C /* ConsoleIO.swift */ = {isa = PBXFileReference; fileEncoding = 4; lastKnownFileType = sourcecode.swift; path = ConsoleIO.swift; sourceTree = "<group>"; };
		D6BC1C011D40185F00C2334C /* WhiskKit.swift */ = {isa = PBXFileReference; fileEncoding = 4; lastKnownFileType = sourcecode.swift; path = WhiskKit.swift; sourceTree = "<group>"; };
		D6BC1C281D4119FB00C2334C /* Git.swift */ = {isa = PBXFileReference; fileEncoding = 4; lastKnownFileType = sourcecode.swift; path = Git.swift; sourceTree = "<group>"; };
		D6BC1C291D4119FB00C2334C /* ManifestReader.swift */ = {isa = PBXFileReference; fileEncoding = 4; lastKnownFileType = sourcecode.swift; path = ManifestReader.swift; sourceTree = "<group>"; };
		D6BC1C2A1D4119FB00C2334C /* ProjectManager.swift */ = {isa = PBXFileReference; fileEncoding = 4; lastKnownFileType = sourcecode.swift; path = ProjectManager.swift; sourceTree = "<group>"; };
		D6BC1C2B1D4119FB00C2334C /* ProjectReader.swift */ = {isa = PBXFileReference; fileEncoding = 4; lastKnownFileType = sourcecode.swift; path = ProjectReader.swift; sourceTree = "<group>"; };
		D6BC1C2C1D4119FB00C2334C /* SequenceCode.swift */ = {isa = PBXFileReference; fileEncoding = 4; lastKnownFileType = sourcecode.swift; path = SequenceCode.swift; sourceTree = "<group>"; };
		D6BC1C2D1D4119FB00C2334C /* WhiskAPI.swift */ = {isa = PBXFileReference; fileEncoding = 4; lastKnownFileType = sourcecode.swift; path = WhiskAPI.swift; sourceTree = "<group>"; };
		D6BC1C341D41391D00C2334C /* WhiskTokenizer.swift */ = {isa = PBXFileReference; fileEncoding = 4; lastKnownFileType = sourcecode.swift; path = WhiskTokenizer.swift; sourceTree = "<group>"; };
		D6BC1C391D413D9700C2334C /* ZipArchive.framework */ = {isa = PBXFileReference; lastKnownFileType = wrapper.framework; name = ZipArchive.framework; path = ../ZipArchive/build/Debug/ZipArchive.framework; sourceTree = "<group>"; };
		D6BC1C6F1D41659C00C2334C /* libz.tbd */ = {isa = PBXFileReference; lastKnownFileType = "sourcecode.text-based-dylib-definition"; name = libz.tbd; path = usr/lib/libz.tbd; sourceTree = SDKROOT; };
		D6BC1CA81D41675800C2334C /* WhiskSwiftTools-Bridging-Header.h */ = {isa = PBXFileReference; lastKnownFileType = sourcecode.c.h; path = "WhiskSwiftTools-Bridging-Header.h"; sourceTree = "<group>"; };
/* End PBXFileReference section */

/* Begin PBXFrameworksBuildPhase section */
		D6BC1BEF1D4017BE00C2334C /* Frameworks */ = {
			isa = PBXFrameworksBuildPhase;
			buildActionMask = 2147483647;
			files = (
				D6BC1C701D41659C00C2334C /* libz.tbd in Frameworks */,
			);
			runOnlyForDeploymentPostprocessing = 0;
		};
/* End PBXFrameworksBuildPhase section */

/* Begin PBXGroup section */
		D676B4861D64AAA400A29AE5 /* SSZipArchive */ = {
			isa = PBXGroup;
			children = (
				D676B4871D64AAA400A29AE5 /* aes */,
				D676B49D1D64AAA400A29AE5 /* Info.plist */,
				D676B49E1D64AAA400A29AE5 /* minizip */,
				D676B4A81D64AAA400A29AE5 /* SSZipArchive+Swift.swift */,
				D676B4A91D64AAA400A29AE5 /* SSZipArchive.h */,
				D676B4AA1D64AAA400A29AE5 /* SSZipArchive.m */,
				D676B4AB1D64AAA400A29AE5 /* SSZipCommon.h */,
				D676B4AC1D64AAA400A29AE5 /* ZipArchive.h */,
			);
			name = SSZipArchive;
			path = ../ZipArchive/SSZipArchive;
			sourceTree = "<group>";
		};
		D676B4871D64AAA400A29AE5 /* aes */ = {
			isa = PBXGroup;
			children = (
				D676B4881D64AAA400A29AE5 /* aes.h */,
				D676B4891D64AAA400A29AE5 /* aes_via_ace.h */,
				D676B48A1D64AAA400A29AE5 /* aescrypt.c */,
				D676B48B1D64AAA400A29AE5 /* aeskey.c */,
				D676B48C1D64AAA400A29AE5 /* aesopt.h */,
				D676B48D1D64AAA400A29AE5 /* aestab.c */,
				D676B48E1D64AAA400A29AE5 /* aestab.h */,
				D676B48F1D64AAA400A29AE5 /* brg_endian.h */,
				D676B4901D64AAA400A29AE5 /* brg_types.h */,
				D676B4911D64AAA400A29AE5 /* entropy.c */,
				D676B4921D64AAA400A29AE5 /* entropy.h */,
				D676B4931D64AAA400A29AE5 /* fileenc.c */,
				D676B4941D64AAA400A29AE5 /* fileenc.h */,
				D676B4951D64AAA400A29AE5 /* hmac.c */,
				D676B4961D64AAA400A29AE5 /* hmac.h */,
				D676B4971D64AAA400A29AE5 /* prng.c */,
				D676B4981D64AAA400A29AE5 /* prng.h */,
				D676B4991D64AAA400A29AE5 /* pwd2key.c */,
				D676B49A1D64AAA400A29AE5 /* pwd2key.h */,
				D676B49B1D64AAA400A29AE5 /* sha1.c */,
				D676B49C1D64AAA400A29AE5 /* sha1.h */,
			);
			path = aes;
			sourceTree = "<group>";
		};
		D676B49E1D64AAA400A29AE5 /* minizip */ = {
			isa = PBXGroup;
			children = (
				D676B49F1D64AAA400A29AE5 /* crypt.h */,
				D676B4A01D64AAA400A29AE5 /* ioapi.c */,
				D676B4A11D64AAA400A29AE5 /* ioapi.h */,
				D676B4A21D64AAA400A29AE5 /* mztools.c */,
				D676B4A31D64AAA400A29AE5 /* mztools.h */,
				D676B4A41D64AAA400A29AE5 /* unzip.c */,
				D676B4A51D64AAA400A29AE5 /* unzip.h */,
				D676B4A61D64AAA400A29AE5 /* zip.c */,
				D676B4A71D64AAA400A29AE5 /* zip.h */,
			);
			path = minizip;
			sourceTree = "<group>";
		};
		D6BC1BE91D4017BE00C2334C = {
			isa = PBXGroup;
			children = (
				D676B4861D64AAA400A29AE5 /* SSZipArchive */,
				D6BC1CA81D41675800C2334C /* WhiskSwiftTools-Bridging-Header.h */,
				D6BC1C001D40183900C2334C /* WhiskKit */,
				D6BC1BF41D4017BE00C2334C /* WhiskTool */,
				D6BC1BF31D4017BE00C2334C /* Products */,
				D6BC1C381D413D9600C2334C /* Frameworks */,
			);
			sourceTree = "<group>";
		};
		D6BC1BF31D4017BE00C2334C /* Products */ = {
			isa = PBXGroup;
			children = (
				D6BC1BF21D4017BE00C2334C /* wsktool */,
			);
			name = Products;
			sourceTree = "<group>";
		};
		D6BC1BF41D4017BE00C2334C /* WhiskTool */ = {
			isa = PBXGroup;
			children = (
				D6BC1BF51D4017BE00C2334C /* main.swift */,
				D6BC1BFC1D4017FD00C2334C /* WhiskInstaller.swift */,
				D6BC1BFE1D40180A00C2334C /* ConsoleIO.swift */,
				D6BC1C281D4119FB00C2334C /* Git.swift */,
				D6BC1C291D4119FB00C2334C /* ManifestReader.swift */,
				D6BC1C2A1D4119FB00C2334C /* ProjectManager.swift */,
				D6BC1C2B1D4119FB00C2334C /* ProjectReader.swift */,
				D6BC1C2C1D4119FB00C2334C /* SequenceCode.swift */,
				D6BC1C2D1D4119FB00C2334C /* WhiskAPI.swift */,
				D6BC1C341D41391D00C2334C /* WhiskTokenizer.swift */,
				D699E7BC1D79E9A40081C461 /* PBXProject.swift */,
			);
			name = WhiskTool;
			path = WhiskSwiftTools;
			sourceTree = "<group>";
		};
		D6BC1C001D40183900C2334C /* WhiskKit */ = {
			isa = PBXGroup;
			children = (
				D6BC1C011D40185F00C2334C /* WhiskKit.swift */,
			);
			name = WhiskKit;
			path = WhiskSwiftTools;
			sourceTree = "<group>";
		};
		D6BC1C381D413D9600C2334C /* Frameworks */ = {
			isa = PBXGroup;
			children = (
				D6BC1C6F1D41659C00C2334C /* libz.tbd */,
				D6BC1C391D413D9700C2334C /* ZipArchive.framework */,
			);
			name = Frameworks;
			sourceTree = "<group>";
		};
/* End PBXGroup section */

/* Begin PBXNativeTarget section */
		D6BC1BF11D4017BE00C2334C /* wsktool */ = {
			isa = PBXNativeTarget;
			buildConfigurationList = D6BC1BF91D4017BE00C2334C /* Build configuration list for PBXNativeTarget "wsktool" */;
			buildPhases = (
				D6BC1BEE1D4017BE00C2334C /* Sources */,
				D6BC1BEF1D4017BE00C2334C /* Frameworks */,
				D6BC1BF01D4017BE00C2334C /* CopyFiles */,
			);
			buildRules = (
			);
			dependencies = (
			);
			name = wsktool;
			productName = WhiskSwiftTools;
			productReference = D6BC1BF21D4017BE00C2334C /* wsktool */;
			productType = "com.apple.product-type.tool";
		};
/* End PBXNativeTarget section */

/* Begin PBXProject section */
		D6BC1BEA1D4017BE00C2334C /* Project object */ = {
			isa = PBXProject;
			attributes = {
				LastSwiftUpdateCheck = 0800;
				LastUpgradeCheck = 0810;
				ORGANIZATIONNAME = IBM;
				TargetAttributes = {
					D6BC1BF11D4017BE00C2334C = {
						CreatedOnToolsVersion = 8.0;
						DevelopmentTeam = 76CMF53Q35;
						DevelopmentTeamName = "International Business Machines Corp.";
						LastSwiftMigration = 0800;
						ProvisioningStyle = Automatic;
					};
				};
			};
			buildConfigurationList = D6BC1BED1D4017BE00C2334C /* Build configuration list for PBXProject "WhiskSwiftTools" */;
			compatibilityVersion = "Xcode 3.2";
			developmentRegion = English;
			hasScannedForEncodings = 0;
			knownRegions = (
				en,
			);
			mainGroup = D6BC1BE91D4017BE00C2334C;
			productRefGroup = D6BC1BF31D4017BE00C2334C /* Products */;
			projectDirPath = "";
			projectRoot = "";
			targets = (
				D6BC1BF11D4017BE00C2334C /* wsktool */,
			);
		};
/* End PBXProject section */

/* Begin PBXSourcesBuildPhase section */
		D6BC1BEE1D4017BE00C2334C /* Sources */ = {
			isa = PBXSourcesBuildPhase;
			buildActionMask = 2147483647;
			files = (
				D676B4B41D64AAA400A29AE5 /* pwd2key.c in Sources */,
				D676B4B21D64AAA400A29AE5 /* hmac.c in Sources */,
				D676B4BB1D64AAA400A29AE5 /* SSZipArchive.m in Sources */,
				D6BC1C351D41391D00C2334C /* WhiskTokenizer.swift in Sources */,
				D676B4B71D64AAA400A29AE5 /* mztools.c in Sources */,
				D6BC1C311D4119FB00C2334C /* ProjectReader.swift in Sources */,
				D676B4B51D64AAA400A29AE5 /* sha1.c in Sources */,
				D676B4AF1D64AAA400A29AE5 /* aestab.c in Sources */,
				D6BC1C321D4119FB00C2334C /* SequenceCode.swift in Sources */,
				D676B4B91D64AAA400A29AE5 /* zip.c in Sources */,
				D6BC1C2E1D4119FB00C2334C /* Git.swift in Sources */,
				D6BC1C301D4119FB00C2334C /* ProjectManager.swift in Sources */,
				D699E7BD1D79E9A40081C461 /* PBXProject.swift in Sources */,
				D676B4AE1D64AAA400A29AE5 /* aeskey.c in Sources */,
				D676B4B81D64AAA400A29AE5 /* unzip.c in Sources */,
				D676B4B31D64AAA400A29AE5 /* prng.c in Sources */,
				D6BC1BFF1D40180A00C2334C /* ConsoleIO.swift in Sources */,
				D676B4B11D64AAA400A29AE5 /* fileenc.c in Sources */,
				D6BC1BF61D4017BE00C2334C /* main.swift in Sources */,
				D676B4BA1D64AAA400A29AE5 /* SSZipArchive+Swift.swift in Sources */,
				D6BC1C2F1D4119FB00C2334C /* ManifestReader.swift in Sources */,
				D676B4AD1D64AAA400A29AE5 /* aescrypt.c in Sources */,
				D6BC1BFD1D4017FD00C2334C /* WhiskInstaller.swift in Sources */,
				D6BC1C331D4119FB00C2334C /* WhiskAPI.swift in Sources */,
				D676B4B61D64AAA400A29AE5 /* ioapi.c in Sources */,
				D676B4B01D64AAA400A29AE5 /* entropy.c in Sources */,
			);
			runOnlyForDeploymentPostprocessing = 0;
		};
/* End PBXSourcesBuildPhase section */

/* Begin XCBuildConfiguration section */
		D6BC1BF71D4017BE00C2334C /* Debug */ = {
			isa = XCBuildConfiguration;
			buildSettings = {
				ALWAYS_SEARCH_USER_PATHS = NO;
				CLANG_ANALYZER_NONNULL = YES;
				CLANG_CXX_LANGUAGE_STANDARD = "gnu++0x";
				CLANG_CXX_LIBRARY = "libc++";
				CLANG_ENABLE_MODULES = YES;
				CLANG_ENABLE_OBJC_ARC = YES;
				CLANG_WARN_BOOL_CONVERSION = YES;
				CLANG_WARN_CONSTANT_CONVERSION = YES;
				CLANG_WARN_DIRECT_OBJC_ISA_USAGE = YES_ERROR;
				CLANG_WARN_DOCUMENTATION_COMMENTS = YES;
				CLANG_WARN_EMPTY_BODY = YES;
				CLANG_WARN_ENUM_CONVERSION = YES;
				CLANG_WARN_INFINITE_RECURSION = YES;
				CLANG_WARN_INT_CONVERSION = YES;
				CLANG_WARN_OBJC_ROOT_CLASS = YES_ERROR;
				CLANG_WARN_SUSPICIOUS_MOVE = YES;
				CLANG_WARN_UNREACHABLE_CODE = YES;
				CLANG_WARN__DUPLICATE_METHOD_MATCH = YES;
				CODE_SIGN_IDENTITY = "-";
				COPY_PHASE_STRIP = NO;
				DEBUG_INFORMATION_FORMAT = dwarf;
				ENABLE_STRICT_OBJC_MSGSEND = YES;
				ENABLE_TESTABILITY = YES;
				GCC_C_LANGUAGE_STANDARD = gnu99;
				GCC_DYNAMIC_NO_PIC = NO;
				GCC_NO_COMMON_BLOCKS = YES;
				GCC_OPTIMIZATION_LEVEL = 0;
				GCC_PREPROCESSOR_DEFINITIONS = (
					"DEBUG=1",
					"$(inherited)",
				);
				GCC_WARN_64_TO_32_BIT_CONVERSION = YES;
				GCC_WARN_ABOUT_RETURN_TYPE = YES_ERROR;
				GCC_WARN_UNDECLARED_SELECTOR = YES;
				GCC_WARN_UNINITIALIZED_AUTOS = YES_AGGRESSIVE;
				GCC_WARN_UNUSED_FUNCTION = YES;
				GCC_WARN_UNUSED_VARIABLE = YES;
				MACOSX_DEPLOYMENT_TARGET = 10.11;
				MTL_ENABLE_DEBUG_INFO = YES;
				ONLY_ACTIVE_ARCH = YES;
				SDKROOT = macosx;
				SWIFT_OPTIMIZATION_LEVEL = "-Onone";
			};
			name = Debug;
		};
		D6BC1BF81D4017BE00C2334C /* Release */ = {
			isa = XCBuildConfiguration;
			buildSettings = {
				ALWAYS_SEARCH_USER_PATHS = NO;
				CLANG_ANALYZER_NONNULL = YES;
				CLANG_CXX_LANGUAGE_STANDARD = "gnu++0x";
				CLANG_CXX_LIBRARY = "libc++";
				CLANG_ENABLE_MODULES = YES;
				CLANG_ENABLE_OBJC_ARC = YES;
				CLANG_WARN_BOOL_CONVERSION = YES;
				CLANG_WARN_CONSTANT_CONVERSION = YES;
				CLANG_WARN_DIRECT_OBJC_ISA_USAGE = YES_ERROR;
				CLANG_WARN_DOCUMENTATION_COMMENTS = YES;
				CLANG_WARN_EMPTY_BODY = YES;
				CLANG_WARN_ENUM_CONVERSION = YES;
				CLANG_WARN_INFINITE_RECURSION = YES;
				CLANG_WARN_INT_CONVERSION = YES;
				CLANG_WARN_OBJC_ROOT_CLASS = YES_ERROR;
				CLANG_WARN_SUSPICIOUS_MOVE = YES;
				CLANG_WARN_UNREACHABLE_CODE = YES;
				CLANG_WARN__DUPLICATE_METHOD_MATCH = YES;
				CODE_SIGN_IDENTITY = "-";
				COPY_PHASE_STRIP = NO;
				DEBUG_INFORMATION_FORMAT = "dwarf-with-dsym";
				ENABLE_NS_ASSERTIONS = NO;
				ENABLE_STRICT_OBJC_MSGSEND = YES;
				GCC_C_LANGUAGE_STANDARD = gnu99;
				GCC_NO_COMMON_BLOCKS = YES;
				GCC_WARN_64_TO_32_BIT_CONVERSION = YES;
				GCC_WARN_ABOUT_RETURN_TYPE = YES_ERROR;
				GCC_WARN_UNDECLARED_SELECTOR = YES;
				GCC_WARN_UNINITIALIZED_AUTOS = YES_AGGRESSIVE;
				GCC_WARN_UNUSED_FUNCTION = YES;
				GCC_WARN_UNUSED_VARIABLE = YES;
				MACOSX_DEPLOYMENT_TARGET = 10.11;
				MTL_ENABLE_DEBUG_INFO = NO;
				SDKROOT = macosx;
				SWIFT_OPTIMIZATION_LEVEL = "-Owholemodule";
			};
			name = Release;
		};
		D6BC1BFA1D4017BE00C2334C /* Debug */ = {
			isa = XCBuildConfiguration;
			buildSettings = {
				PRODUCT_NAME = "$(TARGET_NAME)";
				"SWIFT_OBJC_BRIDGING_HEADER[arch=*]" = "WhiskSwiftTools-Bridging-Header.h";
				SWIFT_VERSION = 3.0;
			};
			name = Debug;
		};
		D6BC1BFB1D4017BE00C2334C /* Release */ = {
			isa = XCBuildConfiguration;
			buildSettings = {
				PRODUCT_NAME = "$(TARGET_NAME)";
				SWIFT_VERSION = 3.0;
			};
			name = Release;
		};
/* End XCBuildConfiguration section */

/* Begin XCConfigurationList section */
		D6BC1BED1D4017BE00C2334C /* Build configuration list for PBXProject "WhiskSwiftTools" */ = {
			isa = XCConfigurationList;
			buildConfigurations = (
				D6BC1BF71D4017BE00C2334C /* Debug */,
				D6BC1BF81D4017BE00C2334C /* Release */,
			);
			defaultConfigurationIsVisible = 0;
			defaultConfigurationName = Release;
		};
		D6BC1BF91D4017BE00C2334C /* Build configuration list for PBXNativeTarget "wsktool" */ = {
			isa = XCConfigurationList;
			buildConfigurations = (
				D6BC1BFA1D4017BE00C2334C /* Debug */,
				D6BC1BFB1D4017BE00C2334C /* Release */,
			);
			defaultConfigurationIsVisible = 0;
			defaultConfigurationName = Release;
		};
/* End XCConfigurationList section */
	};
	rootObject = D6BC1BEA1D4017BE00C2334C /* Project object */;
}
